<?xml version="1.0" encoding="utf-8"?>
<Project ToolsVersion="4.0" xmlns="http://schemas.microsoft.com/developer/msbuild/2003">
  <ItemGroup>
    <Filter Include="Source Files">
      <UniqueIdentifier>{4FC737F1-C7A5-4376-A066-2A32D752A2FF}</UniqueIdentifier>
      <Extensions>cpp;c;cc;cxx;def;odl;idl;hpj;bat;asm;asmx</Extensions>
    </Filter>
    <Filter Include="Header Files">
      <UniqueIdentifier>{93995380-89BD-4b04-88EB-625FBE52EBFB}</UniqueIdentifier>
      <Extensions>h;hh;hpp;hxx;hm;inl;inc;xsd</Extensions>
    </Filter>
    <Filter Include="Resource Files">
      <UniqueIdentifier>{67DA6AB6-F800-4c08-8B7A-83BB121AAD01}</UniqueIdentifier>
      <Extensions>rc;ico;cur;bmp;dlg;rc2;rct;bin;rgs;gif;jpg;jpeg;jpe;resx;tiff;tif;png;wav;mfcribbon-ms</Extensions>
    </Filter>
  </ItemGroup>
  <ItemGroup>
    <ClCompile Include="Test\main.cpp">
      <Filter>Source Files</Filter>
    </ClCompile>
    <ClCompile Include="Test\TestMath.cpp">
      <Filter>Header Files</Filter>
    </ClCompile>
    <ClCompile Include="Test\TestGeometry.cpp">
      <Filter>Source Files</Filter>
    </ClCompile>
    <ClCompile Include="Test\TestSorting.cpp">
      <Filter>Source Files</Filter>
    </ClCompile>
    <ClCompile Include="Test\TestDataStructure.cpp">
      <Filter>Source Files</Filter>
    </ClCompile>
    <ClCompile Include="Test\TestDynamic.cpp">
      <Filter>Source Files</Filter>
    </ClCompile>
    <ClCompile Include="Test\TestGraph.cpp">
      <Filter>Source Files</Filter>
    </ClCompile>
    <ClCompile Include="Test\TestMisc.cpp">
      <Filter>Source Files</Filter>
    </ClCompile>
    <ClCompile Include="Test\TestString.cpp">
      <Filter>Source Files</Filter>
    </ClCompile>
  </ItemGroup>
  <ItemGroup>
    <ClInclude Include="Graph\Eulerian.h">
      <Filter>Header Files</Filter>
    </ClInclude>
    <ClInclude Include="DataStructure\FenwickTree.h">
      <Filter>Header Files</Filter>
    </ClInclude>
    <ClInclude Include="Geometry\Geometry.h">
      <Filter>Header Files</Filter>
    </ClInclude>
    <ClInclude Include="DataStructure\SegmentTree.h">
      <Filter>Header Files</Filter>
    </ClInclude>
    <ClInclude Include="DataStructure\UnionFind.h">
      <Filter>Header Files</Filter>
    </ClInclude>
    <ClInclude Include="Geometry\Point.h">
      <Filter>Header Files</Filter>
    </ClInclude>
    <ClInclude Include="Geometry\Line.h">
      <Filter>Header Files</Filter>
    </ClInclude>
    <ClInclude Include="Geometry\Polygon.h">
      <Filter>Header Files</Filter>
    </ClInclude>
    <ClInclude Include="Graph\Kruskal.h">
      <Filter>Header Files</Filter>
    </ClInclude>
    <ClInclude Include="Graph\Prim.h">
      <Filter>Header Files</Filter>
    </ClInclude>
    <ClInclude Include="Math\TortoiseAndHare.h">
      <Filter>Header Files</Filter>
    </ClInclude>
    <ClInclude Include="Math\Sieve.h">
      <Filter>Header Files</Filter>
    </ClInclude>
    <ClInclude Include="Math\BasicMath.h">
      <Filter>Header Files</Filter>
    </ClInclude>
    <ClInclude Include="Dynamic\Knapsack.h">
      <Filter>Header Files</Filter>
    </ClInclude>
    <ClInclude Include="Test\ThirdParty\catch.hpp">
      <Filter>Header Files</Filter>
    </ClInclude>
    <ClInclude Include="Graph\Dijkstra.h">
      <Filter>Header Files</Filter>
    </ClInclude>
    <ClInclude Include="Graph\BellmanFord.h">
      <Filter>Header Files</Filter>
    </ClInclude>
    <ClInclude Include="Graph\FloydWarshall.h">
      <Filter>Header Files</Filter>
    </ClInclude>
    <ClInclude Include="Constants.h">
      <Filter>Header Files</Filter>
    </ClInclude>
    <ClInclude Include="Graph\ConnectedComponents.h">
      <Filter>Header Files</Filter>
    </ClInclude>
    <ClInclude Include="Graph\Toposort.h">
      <Filter>Header Files</Filter>
    </ClInclude>
    <ClInclude Include="Graph\BasicGraph.h">
      <Filter>Header Files</Filter>
    </ClInclude>
    <ClInclude Include="Graph\CycleDetection.h">
      <Filter>Header Files</Filter>
    </ClInclude>
    <ClInclude Include="Graph\BridgeAndArticulation.h">
      <Filter>Header Files</Filter>
    </ClInclude>
    <ClInclude Include="Math\Mat.h">
      <Filter>Header Files</Filter>
    </ClInclude>
    <ClInclude Include="Sorting\BinarySearch.h">
      <Filter>Header Files</Filter>
    </ClInclude>
    <ClInclude Include="Graph\Graph.h">
      <Filter>Header Files</Filter>
    </ClInclude>
    <ClInclude Include="Test\TestUtil.h">
      <Filter>Header Files</Filter>
    </ClInclude>
    <ClInclude Include="Math\Modular.h">
      <Filter>Header Files</Filter>
    </ClInclude>
    <ClInclude Include="Math\Prime.h">
      <Filter>Header Files</Filter>
    </ClInclude>
    <ClInclude Include="Math\Combinatorics.h">
      <Filter>Header Files</Filter>
    </ClInclude>
    <ClInclude Include="Graph\PruferCode.h">
      <Filter>Header Files</Filter>
    </ClInclude>
    <ClInclude Include="Sorting\BasicSorting.h">
      <Filter>Header Files</Filter>
    </ClInclude>
    <ClInclude Include="Sorting\MergeSort.h">
      <Filter>Header Files</Filter>
    </ClInclude>
    <ClInclude Include="DataStructure\SparseTable.h">
      <Filter>Header Files</Filter>
    </ClInclude>
    <ClInclude Include="DataStructure\SumArray.h">
      <Filter>Header Files</Filter>
    </ClInclude>
    <ClInclude Include="DataStructure\DifferenceArray.h">
      <Filter>Header Files</Filter>
    </ClInclude>
    <ClInclude Include="Misc\Subsets.h">
      <Filter>Header Files</Filter>
    </ClInclude>
    <ClInclude Include="Misc\Permutations.h">
      <Filter>Header Files</Filter>
    </ClInclude>
    <ClInclude Include="Sorting\TernarySearch.h">
      <Filter>Header Files</Filter>
    </ClInclude>
    <ClInclude Include="Math\GaussElimination.h">
      <Filter>Header Files</Filter>
    </ClInclude>
    <ClInclude Include="Math\Matrix.h">
      <Filter>Header Files</Filter>
    </ClInclude>
    <ClInclude Include="Graph\2-SAT.h">
      <Filter>Header Files</Filter>
    </ClInclude>
    <ClInclude Include="Math\FastFourier.h">
      <Filter>Header Files</Filter>
    </ClInclude>
    <ClInclude Include="DataStructure\LazySegmentTree.h">
      <Filter>Header Files</Filter>
    </ClInclude>
    <ClInclude Include="DataStructure\SegmentTree2D.h">
      <Filter>Header Files</Filter>
    </ClInclude>
    <ClInclude Include="Graph\LcaTarjan.h">
      <Filter>Header Files</Filter>
    </ClInclude>
    <ClInclude Include="Graph\LcaBinaryLifting.h">
      <Filter>Header Files</Filter>
    </ClInclude>
    <ClInclude Include="Graph\LcaRangeQuery.h">
      <Filter>Header Files</Filter>
    </ClInclude>
    <ClInclude Include="Graph\CartesianTree.h">
      <Filter>Header Files</Filter>
    </ClInclude>
    <ClInclude Include="DataStructure\OptimalRMQ.h">
      <Filter>Header Files</Filter>
    </ClInclude>
    <ClInclude Include="Graph\Tree.h">
      <Filter>Header Files</Filter>
    </ClInclude>
    <ClInclude Include="DataStructure\SqrtArray.h">
      <Filter>Header Files</Filter>
    </ClInclude>
    <ClInclude Include="Graph\MaxFlowPushRelabel.h">
      <Filter>Header Files</Filter>
    </ClInclude>
    <ClInclude Include="Graph\DirectedMST.h">
      <Filter>Header Files</Filter>
    </ClInclude>
    <ClInclude Include="Graph\MaxFlowEdmondsKarp.h">
      <Filter>Header Files</Filter>
    </ClInclude>
    <ClInclude Include="String\KMP.h">
      <Filter>Header Files</Filter>
    </ClInclude>
    <ClInclude Include="String\Z_Algorithm.h">
      <Filter>Header Files</Filter>
    </ClInclude>
    <ClInclude Include="String\SuffixArray.h">
      <Filter>Header Files</Filter>
    </ClInclude>
    <ClInclude Include="String\StringHashing.h">
      <Filter>Header Files</Filter>
    </ClInclude>
    <ClInclude Include="Graph\MinCostFlow.h">
      <Filter>Header Files</Filter>
    </ClInclude>
    <ClInclude Include="Graph\SPFA.h">
      <Filter>Header Files</Filter>
    </ClInclude>
    <ClInclude Include="Graph\CompatibleFlow.h">
      <Filter>Header Files</Filter>
    </ClInclude>
    <ClInclude Include="DataStructure\AVL.h">
      <Filter>Header Files</Filter>
    </ClInclude>
    <ClInclude Include="DataStructure\BST.h">
      <Filter>Header Files</Filter>
    </ClInclude>
    <ClInclude Include="DataStructure\Heap.h">
      <Filter>Header Files</Filter>
    </ClInclude>
    <ClInclude Include="Math\Simplex.h">
      <Filter>Header Files</Filter>
    </ClInclude>
    <ClInclude Include="DataStructure\BTree.h">
      <Filter>Header Files</Filter>
    </ClInclude>
    <ClInclude Include="Sorting\Quicksort.h">
      <Filter>Header Files</Filter>
    </ClInclude>
    <ClInclude Include="Geometry\Segment.h">
      <Filter>Header Files</Filter>
    </ClInclude>
    <ClInclude Include="Dynamic\LongestCommonSubsequence.h">
      <Filter>Header Files</Filter>
    </ClInclude>
    <ClInclude Include="Dynamic\LongestIncreasingSubsequence.h">
      <Filter>Header Files</Filter>
    </ClInclude>
    <ClInclude Include="Dynamic\EditDistance.h">
      <Filter>Header Files</Filter>
    </ClInclude>
    <ClInclude Include="Dynamic\MinimumCoins.h">
      <Filter>Header Files</Filter>
    </ClInclude>
    <ClInclude Include="Geometry\ClosestPoints.h">
      <Filter>Header Files</Filter>
    </ClInclude>
    <ClInclude Include="Dynamic\SubsetSum.h">
      <Filter>Header Files</Filter>
    </ClInclude>
  </ItemGroup>
</Project>